{
  "nodes": {
    "nixpkgs": {
      "locked": {
        "lastModified": 1739736696,
        "narHash": "sha256-zON2GNBkzsIyALlOCFiEBcIjI4w38GYOb+P+R4S8Jsw=",
        "rev": "d74a2335ac9c133d6bbec9fc98d91a77f1604c1f",
        "revCount": 754461,
        "type": "tarball",
        "url": "https://api.flakehub.com/f/pinned/NixOS/nixpkgs/0.1.754461%2Brev-d74a2335ac9c133d6bbec9fc98d91a77f1604c1f/01951426-5a87-7b75-8413-1a0d9ec5ff04/source.tar.gz"
      },
      "original": {
        "type": "tarball",
        "url": "https://flakehub.com/f/NixOS/nixpkgs/0.1.tar.gz"
      }
    },
    "nixpkgs_2": {
      "locked": {
        "lastModified": 1739736696,
        "narHash": "sha256-zON2GNBkzsIyALlOCFiEBcIjI4w38GYOb+P+R4S8Jsw=",
        "rev": "d74a2335ac9c133d6bbec9fc98d91a77f1604c1f",
        "revCount": 754461,
        "type": "tarball",
        "url": "https://api.flakehub.com/f/pinned/NixOS/nixpkgs/0.1.754461%2Brev-d74a2335ac9c133d6bbec9fc98d91a77f1604c1f/01951426-5a87-7b75-8413-1a0d9ec5ff04/source.tar.gz"
      },
      "original": {
        "type": "tarball",
        "url": "https://flakehub.com/f/NixOS/nixpkgs/0.1.tar.gz"
      }
    },
    "nixpkgs_3": {
      "locked": {
        "lastModified": 1739736696,
        "narHash": "sha256-zON2GNBkzsIyALlOCFiEBcIjI4w38GYOb+P+R4S8Jsw=",
        "rev": "d74a2335ac9c133d6bbec9fc98d91a77f1604c1f",
        "revCount": 754461,
        "type": "tarball",
        "url": "https://api.flakehub.com/f/pinned/NixOS/nixpkgs/0.1.754461%2Brev-d74a2335ac9c133d6bbec9fc98d91a77f1604c1f/01951426-5a87-7b75-8413-1a0d9ec5ff04/source.tar.gz"
      },
      "original": {
        "type": "tarball",
        "url": "https://flakehub.com/f/NixOS/nixpkgs/0.1.tar.gz"
      }
    },
    "nixpkgs_4": {
      "locked": {
        "lastModified": 1739736696,
        "narHash": "sha256-zON2GNBkzsIyALlOCFiEBcIjI4w38GYOb+P+R4S8Jsw=",
        "rev": "d74a2335ac9c133d6bbec9fc98d91a77f1604c1f",
        "revCount": 754461,
        "type": "tarball",
        "url": "https://api.flakehub.com/f/pinned/NixOS/nixpkgs/0.1.754461%2Brev-d74a2335ac9c133d6bbec9fc98d91a77f1604c1f/01951426-5a87-7b75-8413-1a0d9ec5ff04/source.tar.gz"
      },
      "original": {
        "type": "tarball",
        "url": "https://flakehub.com/f/NixOS/nixpkgs/0.1.tar.gz"
      }
    },
    "nixpkgs_5": {
      "locked": {
        "lastModified": 1739736696,
        "narHash": "sha256-zON2GNBkzsIyALlOCFiEBcIjI4w38GYOb+P+R4S8Jsw=",
        "rev": "d74a2335ac9c133d6bbec9fc98d91a77f1604c1f",
        "revCount": 754461,
        "type": "tarball",
        "url": "https://api.flakehub.com/f/pinned/NixOS/nixpkgs/0.1.754461%2Brev-d74a2335ac9c133d6bbec9fc98d91a77f1604c1f/01951426-5a87-7b75-8413-1a0d9ec5ff04/source.tar.gz"
      },
      "original": {
        "type": "tarball",
        "url": "https://flakehub.com/f/NixOS/nixpkgs/0.1.tar.gz"
      }
    },
    "root": {
      "inputs": {
        "nixpkgs": "nixpkgs",
        "spag-level1-b": "spag-level1-b",
        "spag-level2": "spag-level2"
      }
    },
    "spag-level1-a": {
      "inputs": {
        "nixpkgs": "nixpkgs_4"
      },
      "locked": {
        "lastModified": 1739810646,
        "narHash": "sha256-crxEp7c5/hlMrElnnfTXzlzQGWYocXjxdDEUj/cpXSQ=",
        "rev": "b8fda7d1838682ee04a32ac7096d9786b409d28a",
        "revCount": 9,
        "type": "tarball",
        "url": "https://api.flakehub.com/f/pinned/grahamc/spag-level1-a/0.5.0/019514ce-6b56-7fd7-8b4e-5ca3f4900c71/source.tar.gz"
      },
      "original": {
        "type": "tarball",
        "url": "https://flakehub.com/f/grahamc/spag-level1-a/0.tar.gz"
      }
    },
    "spag-level1-b": {
      "inputs": {
        "nixpkgs": "nixpkgs_2"
      },
      "locked": {
        "lastModified": 1739810640,
        "narHash": "sha256-9Qgru5UyHuttXCcU9pdLel+1I9yMYY3+s2xxuYPKrIk=",
        "rev": "512d8072067a926819341d863d8cd59cbc0ecc9a",
        "revCount": 13,
        "type": "tarball",
        "url": "https://api.flakehub.com/f/pinned/grahamc/spag-level1-b/0.5.0/019514ce-1adb-7e1b-9f2b-df6656a7987d/source.tar.gz"
      },
      "original": {
        "type": "tarball",
        "url": "https://flakehub.com/f/grahamc/spag-level1-b/0.tar.gz"
      }
    },
    "spag-level1-b_2": {
      "inputs": {
        "nixpkgs": "nixpkgs_5"
      },
      "locked": {
        "lastModified": 1739810640,
        "narHash": "sha256-9Qgru5UyHuttXCcU9pdLel+1I9yMYY3+s2xxuYPKrIk=",
        "rev": "512d8072067a926819341d863d8cd59cbc0ecc9a",
        "revCount": 13,
        "type": "tarball",
        "url": "https://api.flakehub.com/f/pinned/grahamc/spag-level1-b/0.5.0/019514ce-1adb-7e1b-9f2b-df6656a7987d/source.tar.gz"
      },
      "original": {
        "type": "tarball",
        "url": "https://flakehub.com/f/grahamc/spag-level1-b/0.tar.gz"
      }
    },
    "spag-level2": {
      "inputs": {
        "nixpkgs": "nixpkgs_3",
        "spag-level1-a": "spag-level1-a",
        "spag-level1-b": "spag-level1-b_2"
      },
      "locked": {
        "lastModified": 1739810944,
        "narHash": "sha256-hB4E8OxEKo/UB0Dyn2jamEXyM0D9fMaMOeI/HWnBO/M=",
        "rev": "417d88ee46b044833366d65e9c5fb7dad816a169",
        "revCount": 13,
        "type": "tarball",
        "url": "https://api.flakehub.com/f/pinned/grahamc/spag-level2/0.5.0/019514d2-f50f-7058-a51e-1c62cabd6f7c/source.tar.gz"
      },
      "original": {
        "type": "tarball",
        "url": "https://flakehub.com/f/grahamc/spag-level2/0.tar.gz"
      }
    }
  },
  "root": "root",
  "version": 7
}
