{
  "nodes": {
    "nixpkgs": {
      "locked": {
        "lastModified": 1739580444,
        "narHash": "sha256-+/bSz4EAVbqz8/HsIGLroF8aNaO8bLRL7WfACN+24g4=",
        "rev": "8bb37161a0488b89830168b81c48aed11569cb93",
        "revCount": 753753,
        "type": "tarball",
        "url": "https://api.flakehub.com/f/pinned/NixOS/nixpkgs/0.1.753753%2Brev-8bb37161a0488b89830168b81c48aed11569cb93/01950fe6-4399-7e02-a881-c1a415a15b44/source.tar.gz"
      },
      "original": {
        "type": "tarball",
        "url": "https://flakehub.com/f/NixOS/nixpkgs/0.1.tar.gz"
      }
    },
    "nixpkgs_2": {
      "locked": {
        "lastModified": 1739580444,
        "narHash": "sha256-+/bSz4EAVbqz8/HsIGLroF8aNaO8bLRL7WfACN+24g4=",
        "rev": "8bb37161a0488b89830168b81c48aed11569cb93",
        "revCount": 753753,
        "type": "tarball",
        "url": "https://api.flakehub.com/f/pinned/NixOS/nixpkgs/0.1.753753%2Brev-8bb37161a0488b89830168b81c48aed11569cb93/01950fe6-4399-7e02-a881-c1a415a15b44/source.tar.gz"
      },
      "original": {
        "type": "tarball",
        "url": "https://flakehub.com/f/NixOS/nixpkgs/0.1.tar.gz"
      }
    },
    "nixpkgs_3": {
      "locked": {
        "lastModified": 1739580444,
        "narHash": "sha256-+/bSz4EAVbqz8/HsIGLroF8aNaO8bLRL7WfACN+24g4=",
        "rev": "8bb37161a0488b89830168b81c48aed11569cb93",
        "revCount": 753753,
        "type": "tarball",
        "url": "https://api.flakehub.com/f/pinned/NixOS/nixpkgs/0.1.753753%2Brev-8bb37161a0488b89830168b81c48aed11569cb93/01950fe6-4399-7e02-a881-c1a415a15b44/source.tar.gz"
      },
      "original": {
        "type": "tarball",
        "url": "https://flakehub.com/f/NixOS/nixpkgs/0.1.tar.gz"
      }
    },
    "nixpkgs_4": {
      "locked": {
        "lastModified": 1739580444,
        "narHash": "sha256-+/bSz4EAVbqz8/HsIGLroF8aNaO8bLRL7WfACN+24g4=",
        "rev": "8bb37161a0488b89830168b81c48aed11569cb93",
        "revCount": 753753,
        "type": "tarball",
        "url": "https://api.flakehub.com/f/pinned/NixOS/nixpkgs/0.1.753753%2Brev-8bb37161a0488b89830168b81c48aed11569cb93/01950fe6-4399-7e02-a881-c1a415a15b44/source.tar.gz"
      },
      "original": {
        "type": "tarball",
        "url": "https://flakehub.com/f/NixOS/nixpkgs/0.1.tar.gz"
      }
    },
    "nixpkgs_5": {
      "locked": {
        "lastModified": 1739580444,
        "narHash": "sha256-+/bSz4EAVbqz8/HsIGLroF8aNaO8bLRL7WfACN+24g4=",
        "rev": "8bb37161a0488b89830168b81c48aed11569cb93",
        "revCount": 753753,
        "type": "tarball",
        "url": "https://api.flakehub.com/f/pinned/NixOS/nixpkgs/0.1.753753%2Brev-8bb37161a0488b89830168b81c48aed11569cb93/01950fe6-4399-7e02-a881-c1a415a15b44/source.tar.gz"
      },
      "original": {
        "type": "tarball",
        "url": "https://flakehub.com/f/NixOS/nixpkgs/0.1.tar.gz"
      }
    },
    "root": {
      "inputs": {
        "nixpkgs": "nixpkgs",
        "spag-level1-b": "spag-level1-b",
        "spag-level2": "spag-level2"
      }
    },
    "spag-level1-a": {
      "inputs": {
        "nixpkgs": "nixpkgs_4"
      },
      "locked": {
        "lastModified": 1739733478,
        "narHash": "sha256-usYWNwDQMLkI3xFjXfrhhqhS8VUHPSKgyPqDBLJPGVQ=",
        "rev": "dc633a409d4e58c398bb1abae10e7fd21eb3a52b",
        "revCount": 6,
        "type": "tarball",
        "url": "https://api.flakehub.com/f/pinned/grahamc/spag-level1-a/0.3.0/01951034-d253-70f6-a858-f0e5e82b1ec8/source.tar.gz"
      },
      "original": {
        "type": "tarball",
        "url": "https://flakehub.com/f/grahamc/spag-level1-a/0.tar.gz"
      }
    },
    "spag-level1-b": {
      "inputs": {
        "nixpkgs": "nixpkgs_2"
      },
      "locked": {
        "lastModified": 1739733491,
        "narHash": "sha256-8hPfwAF5o/vGJydhMWdwDwkWXjU3yUJjvueqg/oFp2A=",
        "rev": "e0c1656dd69b0d3766b8a6fe22c6bcdc0e16d65d",
        "revCount": 10,
        "type": "tarball",
        "url": "https://api.flakehub.com/f/pinned/grahamc/spag-level1-b/0.3.0/01951034-dc06-7a50-8d33-7d27a7894691/source.tar.gz"
      },
      "original": {
        "type": "tarball",
        "url": "https://flakehub.com/f/grahamc/spag-level1-b/0.tar.gz"
      }
    },
    "spag-level1-b_2": {
      "inputs": {
        "nixpkgs": "nixpkgs_5"
      },
      "locked": {
        "lastModified": 1739733491,
        "narHash": "sha256-8hPfwAF5o/vGJydhMWdwDwkWXjU3yUJjvueqg/oFp2A=",
        "rev": "e0c1656dd69b0d3766b8a6fe22c6bcdc0e16d65d",
        "revCount": 10,
        "type": "tarball",
        "url": "https://api.flakehub.com/f/pinned/grahamc/spag-level1-b/0.3.0/01951034-dc06-7a50-8d33-7d27a7894691/source.tar.gz"
      },
      "original": {
        "type": "tarball",
        "url": "https://flakehub.com/f/grahamc/spag-level1-b/0.tar.gz"
      }
    },
    "spag-level2": {
      "inputs": {
        "nixpkgs": "nixpkgs_3",
        "spag-level1-a": "spag-level1-a",
        "spag-level1-b": "spag-level1-b_2"
      },
      "locked": {
        "lastModified": 1739733812,
        "narHash": "sha256-OQBqc9ZupxoBZiUkA8fTX6dYxCdhgLQ0e6PNO2Eemcg=",
        "rev": "74230b17346b35df96d921112506c26d0c3c799e",
        "revCount": 10,
        "type": "tarball",
        "url": "https://api.flakehub.com/f/pinned/grahamc/spag-level2/0.3.0/01951039-bba6-7ba0-a94a-8e46f40126d5/source.tar.gz"
      },
      "original": {
        "type": "tarball",
        "url": "https://flakehub.com/f/grahamc/spag-level2/0.tar.gz"
      }
    }
  },
  "root": "root",
  "version": 7
}
